{
  "name": "band_website",
  "version": "1.0.0",
  "lockfileVersion": 1,
  "requires": true,
  "dependencies": {
    "lightbox2": {
      "version": "2.10.0",
      "resolved": "https://registry.npmjs.org/lightbox2/-/lightbox2-2.10.0.tgz",
      "integrity": "sha1-BrP3t718EzLCDQN2AtlldUL9feQ="
    },
    "scrollmonitor": {
      "version": "1.2.4",
      "resolved": "https://registry.npmjs.org/scrollmonitor/-/scrollmonitor-1.2.4.tgz",
      "integrity": "sha512-HBQpeZVAYETbNk0DAmi+X4hdTQMk5WRa/Udez9o8yC8GcRiPDgBxyEdV9g9Su/TWOuUeVfVGfNcyboEyzkte4Q=="
    }
  }
}
